
Microsoft Visual Studio Solution File, Format Version 12.00
# Visual Studio Version 17
VisualStudioVersion = 17.14.37027.9 d17.14
MinimumVisualStudioVersion = 10.0.40219.1
Project("{FAE04EC0-301F-11D3-BF4B-00C04F79EFBC}") = "Reversing_Linked_List", "Reversing_Linked_List.csproj", "{62A9B85E-F63C-4B56-B15A-F59932D9C6E3}"
EndProject
Global
	GlobalSection(SolutionConfigurationPlatforms) = preSolution
		Debug|Any CPU = Debug|Any CPU
		Release|Any CPU = Release|Any CPU
	EndGlobalSection
	GlobalSection(ProjectConfigurationPlatforms) = postSolution
		{62A9B85E-F63C-4B56-B15A-F59932D9C6E3}.Debug|Any CPU.ActiveCfg = Debug|Any CPU
		{62A9B85E-F63C-4B56-B15A-F59932D9C6E3}.Debug|Any CPU.Build.0 = Debug|Any CPU
		{62A9B85E-F63C-4B56-B15A-F59932D9C6E3}.Release|Any CPU.ActiveCfg = Release|Any CPU
		{62A9B85E-F63C-4B56-B15A-F59932D9C6E3}.Release|Any CPU.Build.0 = Release|Any CPU
	EndGlobalSection
	GlobalSection(SolutionProperties) = preSolution
		HideSolutionNode = FALSE
	EndGlobalSection
	GlobalSection(ExtensibilityGlobals) = postSolution
		SolutionGuid = {3EE8D60C-88DF-4532-9CD3-1925FC39B355}
	EndGlobalSection
EndGlobal
